
Microsoft Visual Studio Solution File, Format Version 12.00
# Visual Studio 2013
VisualStudioVersion = 12.0.21005.1
MinimumVisualStudioVersion = 10.0.40219.1
Project("{FAE04EC0-301F-11D3-BF4B-00C04F79EFBC}") = "SeleniumDemo", "SeleniumDemo\SeleniumDemo.csproj", "{5CE40DB0-E8D1-4A28-B56A-7B5722CA9622}"
EndProject
Project("{FAE04EC0-301F-11D3-BF4B-00C04F79EFBC}") = "SeleniumDemo.Tests", "SeleniumDemo.Tests\SeleniumDemo.Tests.csproj", "{FB4101F4-AA25-4DA2-98E4-D050DDE411DC}"
EndProject
Project("{2150E333-8FDC-42A3-9474-1A3956D46DE8}") = ".nuget", ".nuget", "{5BA7021B-AC5A-4E2A-8D11-29EBA9ECCE42}"
	ProjectSection(SolutionItems) = preProject
		.nuget\NuGet.Config = .nuget\NuGet.Config
		.nuget\NuGet.exe = .nuget\NuGet.exe
		.nuget\NuGet.targets = .nuget\NuGet.targets
	EndProjectSection
EndProject
Global
	GlobalSection(SolutionConfigurationPlatforms) = preSolution
		Debug|Any CPU = Debug|Any CPU
		Release|Any CPU = Release|Any CPU
	EndGlobalSection
	GlobalSection(ProjectConfigurationPlatforms) = postSolution
		{5CE40DB0-E8D1-4A28-B56A-7B5722CA9622}.Debug|Any CPU.ActiveCfg = Debug|Any CPU
		{5CE40DB0-E8D1-4A28-B56A-7B5722CA9622}.Debug|Any CPU.Build.0 = Debug|Any CPU
		{5CE40DB0-E8D1-4A28-B56A-7B5722CA9622}.Release|Any CPU.ActiveCfg = Release|Any CPU
		{5CE40DB0-E8D1-4A28-B56A-7B5722CA9622}.Release|Any CPU.Build.0 = Release|Any CPU
		{FB4101F4-AA25-4DA2-98E4-D050DDE411DC}.Debug|Any CPU.ActiveCfg = Debug|Any CPU
		{FB4101F4-AA25-4DA2-98E4-D050DDE411DC}.Debug|Any CPU.Build.0 = Debug|Any CPU
		{FB4101F4-AA25-4DA2-98E4-D050DDE411DC}.Release|Any CPU.ActiveCfg = Release|Any CPU
		{FB4101F4-AA25-4DA2-98E4-D050DDE411DC}.Release|Any CPU.Build.0 = Release|Any CPU
	EndGlobalSection
	GlobalSection(SolutionProperties) = preSolution
		HideSolutionNode = FALSE
	EndGlobalSection
EndGlobal
